
Microsoft Visual Studio Solution File, Format Version 12.00
# Visual Studio Version 17
VisualStudioVersion = 17.14.37411.7 d17.14
MinimumVisualStudioVersion = 10.0.40219.1
Project("{FAE04EC0-301F-11D3-BF4B-00C04F79EFBC}") = "SwitchMotionBridge", "SwitchMotionBridge.csproj", "{22631B9A-BC60-85ED-823A-7DBD1E2896A5}"
EndProject
Global
	GlobalSection(SolutionConfigurationPlatforms) = preSolution
		Debug|Any CPU = Debug|Any CPU
		Release|Any CPU = Release|Any CPU
	EndGlobalSection
	GlobalSection(ProjectConfigurationPlatforms) = postSolution
		{22631B9A-BC60-85ED-823A-7DBD1E2896A5}.Debug|Any CPU.ActiveCfg = Debug|Any CPU
		{22631B9A-BC60-85ED-823A-7DBD1E2896A5}.Debug|Any CPU.Build.0 = Debug|Any CPU
		{22631B9A-BC60-85ED-823A-7DBD1E2896A5}.Release|Any CPU.ActiveCfg = Release|Any CPU
		{22631B9A-BC60-85ED-823A-7DBD1E2896A5}.Release|Any CPU.Build.0 = Release|Any CPU
	EndGlobalSection
	GlobalSection(SolutionProperties) = preSolution
		HideSolutionNode = FALSE
	EndGlobalSection
	GlobalSection(ExtensibilityGlobals) = postSolution
		SolutionGuid = {E75BA734-D2B4-4BA5-8E4B-82FBC08C60A2}
	EndGlobalSection
EndGlobal
